// !$*UTF8*$!
{
	archiveVersion = 1;
	classes = {
	};
	objectVersion = 51;
	objects = {

/* Begin PBXBuildFile section */
		43B9C52C90F841B34E0779D6 /* Pods_ChatExample.framework in Frameworks */ = {isa = PBXBuildFile; fileRef = 335C67589E356CA94AEFF627 /* Pods_ChatExample.framework */; };
		72164A8D255828F100D16117 /* AppDelegate.swift in Sources */ = {isa = PBXBuildFile; fileRef = 72164A8C255828F100D16117 /* AppDelegate.swift */; };
		72164A8F255828F100D16117 /* SceneDelegate.swift in Sources */ = {isa = PBXBuildFile; fileRef = 72164A8E255828F100D16117 /* SceneDelegate.swift */; };
		72164A91255828F100D16117 /* ViewController.swift in Sources */ = {isa = PBXBuildFile; fileRef = 72164A90255828F100D16117 /* ViewController.swift */; };
		72164A94255828F100D16117 /* Main.storyboard in Resources */ = {isa = PBXBuildFile; fileRef = 72164A92255828F100D16117 /* Main.storyboard */; };
		72164A96255828F200D16117 /* Assets.xcassets in Resources */ = {isa = PBXBuildFile; fileRef = 72164A95255828F200D16117 /* Assets.xcassets */; };
		72164A99255828F200D16117 /* LaunchScreen.storyboard in Resources */ = {isa = PBXBuildFile; fileRef = 72164A97255828F200D16117 /* LaunchScreen.storyboard */; };
		724D39FC255C1CD100A87728 /* Api.swift in Sources */ = {isa = PBXBuildFile; fileRef = 724D39FB255C1CD100A87728 /* Api.swift */; };
		724D3A0C255C29BD00A87728 /* Model.swift in Sources */ = {isa = PBXBuildFile; fileRef = 724D3A0B255C29BD00A87728 /* Model.swift */; };
		724D3A0F255C29D600A87728 /* Response.swift in Sources */ = {isa = PBXBuildFile; fileRef = 724D3A0E255C29D600A87728 /* Response.swift */; };
		7255663F255D1AF70048E293 /* VideoChatInputItem.swift in Sources */ = {isa = PBXBuildFile; fileRef = 7255663E255D1AF70048E293 /* VideoChatInputItem.swift */; };
		72BF1BC325597375001C65BC /* SlidingDataSource.swift in Sources */ = {isa = PBXBuildFile; fileRef = 72BF1BAC25597375001C65BC /* SlidingDataSource.swift */; };
		72BF1BC425597375001C65BC /* ChatDataSource.swift in Sources */ = {isa = PBXBuildFile; fileRef = 72BF1BAD25597375001C65BC /* ChatDataSource.swift */; };
		72BF1BC525597375001C65BC /* ChatMessageFactory.swift in Sources */ = {isa = PBXBuildFile; fileRef = 72BF1BAF25597375001C65BC /* ChatMessageFactory.swift */; };
		72BF1BC625597375001C65BC /* SendingStatusModel.swift in Sources */ = {isa = PBXBuildFile; fileRef = 72BF1BB125597375001C65BC /* SendingStatusModel.swift */; };
		72BF1BC725597375001C65BC /* TimeSeparatorModel.swift in Sources */ = {isa = PBXBuildFile; fileRef = 72BF1BB225597375001C65BC /* TimeSeparatorModel.swift */; };
		72BF1BC825597375001C65BC /* ChatTextMessageModel.swift in Sources */ = {isa = PBXBuildFile; fileRef = 72BF1BB425597375001C65BC /* ChatTextMessageModel.swift */; };
		72BF1BC925597375001C65BC /* ChatTextMessageViewModelBuilder.swift in Sources */ = {isa = PBXBuildFile; fileRef = 72BF1BB525597375001C65BC /* ChatTextMessageViewModelBuilder.swift */; };
		72BF1BCA25597375001C65BC /* BaseMessageCollectionViewCellAvatarStyle.swift in Sources */ = {isa = PBXBuildFile; fileRef = 72BF1BB725597375001C65BC /* BaseMessageCollectionViewCellAvatarStyle.swift */; };
		72BF1BCB25597375001C65BC /* ChatMessageInteractionHandler.swift in Sources */ = {isa = PBXBuildFile; fileRef = 72BF1BB825597375001C65BC /* ChatMessageInteractionHandler.swift */; };
		72BF1BCC25597375001C65BC /* BaseMessagesSelector.swift in Sources */ = {isa = PBXBuildFile; fileRef = 72BF1BBA25597375001C65BC /* BaseMessagesSelector.swift */; };
		72BF1BCD25597375001C65BC /* ChatViewController.swift in Sources */ = {isa = PBXBuildFile; fileRef = 72BF1BBB25597375001C65BC /* ChatViewController.swift */; };
		72BF1BCE25597376001C65BC /* ChatItemsDecorator.swift in Sources */ = {isa = PBXBuildFile; fileRef = 72BF1BBC25597375001C65BC /* ChatItemsDecorator.swift */; };
		72BF1BCF25597376001C65BC /* ChatMessageSender.swift in Sources */ = {isa = PBXBuildFile; fileRef = 72BF1BBD25597375001C65BC /* ChatMessageSender.swift */; };
		72BF1BD025597376001C65BC /* ReplyActionHandler.swift in Sources */ = {isa = PBXBuildFile; fileRef = 72BF1BBE25597375001C65BC /* ReplyActionHandler.swift */; };
		72BF1BD125597376001C65BC /* SendingStatusCollectionViewCell.swift in Sources */ = {isa = PBXBuildFile; fileRef = 72BF1BC025597375001C65BC /* SendingStatusCollectionViewCell.swift */; };
		72BF1BD225597376001C65BC /* SendingStatusCollectionViewCell.xib in Resources */ = {isa = PBXBuildFile; fileRef = 72BF1BC125597375001C65BC /* SendingStatusCollectionViewCell.xib */; };
		72BF1BE42559749B001C65BC /* Beehive.swift in Sources */ = {isa = PBXBuildFile; fileRef = 72BF1BE32559749B001C65BC /* Beehive.swift */; };
		72BF1BE7255975FF001C65BC /* HiveRoom.swift in Sources */ = {isa = PBXBuildFile; fileRef = 72BF1BE6255975FF001C65BC /* HiveRoom.swift */; };
		72BF1BF925598378001C65BC /* Message.swift in Sources */ = {isa = PBXBuildFile; fileRef = 72BF1BF825598378001C65BC /* Message.swift */; };
		72BF1BFE25598CD0001C65BC /* DBUser.swift in Sources */ = {isa = PBXBuildFile; fileRef = 72BF1BFD25598CD0001C65BC /* DBUser.swift */; };
/* End PBXBuildFile section */

/* Begin PBXFileReference section */
		335C67589E356CA94AEFF627 /* Pods_ChatExample.framework */ = {isa = PBXFileReference; explicitFileType = wrapper.framework; includeInIndex = 0; path = Pods_ChatExample.framework; sourceTree = BUILT_PRODUCTS_DIR; };
		43F93882C54D1936708492CB /* Pods-ChatExample.release.xcconfig */ = {isa = PBXFileReference; includeInIndex = 1; lastKnownFileType = text.xcconfig; name = "Pods-ChatExample.release.xcconfig"; path = "Target Support Files/Pods-ChatExample/Pods-ChatExample.release.xcconfig"; sourceTree = "<group>"; };
		72164A89255828F100D16117 /* ChatExample.app */ = {isa = PBXFileReference; explicitFileType = wrapper.application; includeInIndex = 0; path = ChatExample.app; sourceTree = BUILT_PRODUCTS_DIR; };
		72164A8C255828F100D16117 /* AppDelegate.swift */ = {isa = PBXFileReference; lastKnownFileType = sourcecode.swift; path = AppDelegate.swift; sourceTree = "<group>"; };
		72164A8E255828F100D16117 /* SceneDelegate.swift */ = {isa = PBXFileReference; lastKnownFileType = sourcecode.swift; path = SceneDelegate.swift; sourceTree = "<group>"; };
		72164A90255828F100D16117 /* ViewController.swift */ = {isa = PBXFileReference; lastKnownFileType = sourcecode.swift; path = ViewController.swift; sourceTree = "<group>"; };
		72164A93255828F100D16117 /* Base */ = {isa = PBXFileReference; lastKnownFileType = file.storyboard; name = Base; path = Base.lproj/Main.storyboard; sourceTree = "<group>"; };
		72164A95255828F200D16117 /* Assets.xcassets */ = {isa = PBXFileReference; lastKnownFileType = folder.assetcatalog; path = Assets.xcassets; sourceTree = "<group>"; };
		72164A98255828F200D16117 /* Base */ = {isa = PBXFileReference; lastKnownFileType = file.storyboard; name = Base; path = Base.lproj/LaunchScreen.storyboard; sourceTree = "<group>"; };
		72164A9A255828F200D16117 /* Info.plist */ = {isa = PBXFileReference; lastKnownFileType = text.plist.xml; path = Info.plist; sourceTree = "<group>"; };
		724D39FB255C1CD100A87728 /* Api.swift */ = {isa = PBXFileReference; lastKnownFileType = sourcecode.swift; path = Api.swift; sourceTree = "<group>"; };
		724D3A0B255C29BD00A87728 /* Model.swift */ = {isa = PBXFileReference; lastKnownFileType = sourcecode.swift; path = Model.swift; sourceTree = "<group>"; };
		724D3A0E255C29D600A87728 /* Response.swift */ = {isa = PBXFileReference; lastKnownFileType = sourcecode.swift; path = Response.swift; sourceTree = "<group>"; };
		7255663E255D1AF70048E293 /* VideoChatInputItem.swift */ = {isa = PBXFileReference; lastKnownFileType = sourcecode.swift; path = VideoChatInputItem.swift; sourceTree = "<group>"; };
		72BF1BAC25597375001C65BC /* SlidingDataSource.swift */ = {isa = PBXFileReference; fileEncoding = 4; lastKnownFileType = sourcecode.swift; path = SlidingDataSource.swift; sourceTree = "<group>"; };
		72BF1BAD25597375001C65BC /* ChatDataSource.swift */ = {isa = PBXFileReference; fileEncoding = 4; lastKnownFileType = sourcecode.swift; path = ChatDataSource.swift; sourceTree = "<group>"; };
		72BF1BAF25597375001C65BC /* ChatMessageFactory.swift */ = {isa = PBXFileReference; fileEncoding = 4; lastKnownFileType = sourcecode.swift; path = ChatMessageFactory.swift; sourceTree = "<group>"; };
		72BF1BB125597375001C65BC /* SendingStatusModel.swift */ = {isa = PBXFileReference; fileEncoding = 4; lastKnownFileType = sourcecode.swift; path = SendingStatusModel.swift; sourceTree = "<group>"; };
		72BF1BB225597375001C65BC /* TimeSeparatorModel.swift */ = {isa = PBXFileReference; fileEncoding = 4; lastKnownFileType = sourcecode.swift; path = TimeSeparatorModel.swift; sourceTree = "<group>"; };
		72BF1BB425597375001C65BC /* ChatTextMessageModel.swift */ = {isa = PBXFileReference; fileEncoding = 4; lastKnownFileType = sourcecode.swift; path = ChatTextMessageModel.swift; sourceTree = "<group>"; };
		72BF1BB525597375001C65BC /* ChatTextMessageViewModelBuilder.swift */ = {isa = PBXFileReference; fileEncoding = 4; lastKnownFileType = sourcecode.swift; path = ChatTextMessageViewModelBuilder.swift; sourceTree = "<group>"; };
		72BF1BB725597375001C65BC /* BaseMessageCollectionViewCellAvatarStyle.swift */ = {isa = PBXFileReference; fileEncoding = 4; lastKnownFileType = sourcecode.swift; path = BaseMessageCollectionViewCellAvatarStyle.swift; sourceTree = "<group>"; };
		72BF1BB825597375001C65BC /* ChatMessageInteractionHandler.swift */ = {isa = PBXFileReference; fileEncoding = 4; lastKnownFileType = sourcecode.swift; path = ChatMessageInteractionHandler.swift; sourceTree = "<group>"; };
		72BF1BBA25597375001C65BC /* BaseMessagesSelector.swift */ = {isa = PBXFileReference; fileEncoding = 4; lastKnownFileType = sourcecode.swift; path = BaseMessagesSelector.swift; sourceTree = "<group>"; };
		72BF1BBB25597375001C65BC /* ChatViewController.swift */ = {isa = PBXFileReference; fileEncoding = 4; lastKnownFileType = sourcecode.swift; path = ChatViewController.swift; sourceTree = "<group>"; };
		72BF1BBC25597375001C65BC /* ChatItemsDecorator.swift */ = {isa = PBXFileReference; fileEncoding = 4; lastKnownFileType = sourcecode.swift; path = ChatItemsDecorator.swift; sourceTree = "<group>"; };
		72BF1BBD25597375001C65BC /* ChatMessageSender.swift */ = {isa = PBXFileReference; fileEncoding = 4; lastKnownFileType = sourcecode.swift; path = ChatMessageSender.swift; sourceTree = "<group>"; };
		72BF1BBE25597375001C65BC /* ReplyActionHandler.swift */ = {isa = PBXFileReference; fileEncoding = 4; lastKnownFileType = sourcecode.swift; path = ReplyActionHandler.swift; sourceTree = "<group>"; };
		72BF1BC025597375001C65BC /* SendingStatusCollectionViewCell.swift */ = {isa = PBXFileReference; fileEncoding = 4; lastKnownFileType = sourcecode.swift; path = SendingStatusCollectionViewCell.swift; sourceTree = "<group>"; };
		72BF1BC125597375001C65BC /* SendingStatusCollectionViewCell.xib */ = {isa = PBXFileReference; fileEncoding = 4; lastKnownFileType = file.xib; path = SendingStatusCollectionViewCell.xib; sourceTree = "<group>"; };
		72BF1BE32559749B001C65BC /* Beehive.swift */ = {isa = PBXFileReference; fileEncoding = 4; lastKnownFileType = sourcecode.swift; path = Beehive.swift; sourceTree = "<group>"; };
		72BF1BE6255975FF001C65BC /* HiveRoom.swift */ = {isa = PBXFileReference; lastKnownFileType = sourcecode.swift; path = HiveRoom.swift; sourceTree = "<group>"; };
		72BF1BF825598378001C65BC /* Message.swift */ = {isa = PBXFileReference; lastKnownFileType = sourcecode.swift; path = Message.swift; sourceTree = "<group>"; };
		72BF1BFD25598CD0001C65BC /* DBUser.swift */ = {isa = PBXFileReference; lastKnownFileType = sourcecode.swift; path = DBUser.swift; sourceTree = "<group>"; };
		C344C715F6A1A2FC2E0A7DE0 /* Pods-ChatExample.debug.xcconfig */ = {isa = PBXFileReference; includeInIndex = 1; lastKnownFileType = text.xcconfig; name = "Pods-ChatExample.debug.xcconfig"; path = "Target Support Files/Pods-ChatExample/Pods-ChatExample.debug.xcconfig"; sourceTree = "<group>"; };
/* End PBXFileReference section */

/* Begin PBXFrameworksBuildPhase section */
		72164A86255828F100D16117 /* Frameworks */ = {
			isa = PBXFrameworksBuildPhase;
			buildActionMask = 2147483647;
			files = (
				43B9C52C90F841B34E0779D6 /* Pods_ChatExample.framework in Frameworks */,
			);
			runOnlyForDeploymentPostprocessing = 0;
		};
/* End PBXFrameworksBuildPhase section */

/* Begin PBXGroup section */
		2C7583BF20922D94BD524D9A /* Pods */ = {
			isa = PBXGroup;
			children = (
				C344C715F6A1A2FC2E0A7DE0 /* Pods-ChatExample.debug.xcconfig */,
				43F93882C54D1936708492CB /* Pods-ChatExample.release.xcconfig */,
			);
			path = Pods;
			sourceTree = "<group>";
		};
		54FCD3BC249CE44821D5A3BF /* Frameworks */ = {
			isa = PBXGroup;
			children = (
				335C67589E356CA94AEFF627 /* Pods_ChatExample.framework */,
			);
			name = Frameworks;
			sourceTree = "<group>";
		};
		72164A80255828F100D16117 = {
			isa = PBXGroup;
			children = (
				72164A8B255828F100D16117 /* ChatExample */,
				72164A8A255828F100D16117 /* Products */,
				2C7583BF20922D94BD524D9A /* Pods */,
				54FCD3BC249CE44821D5A3BF /* Frameworks */,
			);
			sourceTree = "<group>";
		};
		72164A8A255828F100D16117 /* Products */ = {
			isa = PBXGroup;
			children = (
				72164A89255828F100D16117 /* ChatExample.app */,
			);
			name = Products;
			sourceTree = "<group>";
		};
		72164A8B255828F100D16117 /* ChatExample */ = {
			isa = PBXGroup;
			children = (
				724D39FA255C1CC500A87728 /* Api */,
				72164AA825582A0400D16117 /* Chat */,
				72164A8C255828F100D16117 /* AppDelegate.swift */,
				72164A8E255828F100D16117 /* SceneDelegate.swift */,
				72164A90255828F100D16117 /* ViewController.swift */,
				72164A92255828F100D16117 /* Main.storyboard */,
				72164A95255828F200D16117 /* Assets.xcassets */,
				72164A97255828F200D16117 /* LaunchScreen.storyboard */,
				72164A9A255828F200D16117 /* Info.plist */,
			);
			path = ChatExample;
			sourceTree = "<group>";
		};
		72164AA825582A0400D16117 /* Chat */ = {
			isa = PBXGroup;
			children = (
				72BF1BC225597375001C65BC /* Store */,
				72BF1BAA25597375001C65BC /* UI */,
			);
			path = Chat;
			sourceTree = "<group>";
		};
		724D39FA255C1CC500A87728 /* Api */ = {
			isa = PBXGroup;
			children = (
				724D39FB255C1CD100A87728 /* Api.swift */,
				724D3A0B255C29BD00A87728 /* Model.swift */,
				724D3A0E255C29D600A87728 /* Response.swift */,
			);
			path = Api;
			sourceTree = "<group>";
		};
		7255663D255D1AE90048E293 /* ChatInputItem */ = {
			isa = PBXGroup;
			children = (
				7255663E255D1AF70048E293 /* VideoChatInputItem.swift */,
			);
			path = ChatInputItem;
			sourceTree = "<group>";
		};
		72BF1BAA25597375001C65BC /* UI */ = {
			isa = PBXGroup;
			children = (
				72BF1BAB25597375001C65BC /* DataSources */,
				72BF1BAE25597375001C65BC /* Models */,
				72BF1BB925597375001C65BC /* Controllers */,
				72BF1BBF25597375001C65BC /* Views */,
			);
			path = UI;
			sourceTree = "<group>";
		};
		72BF1BAB25597375001C65BC /* DataSources */ = {
			isa = PBXGroup;
			children = (
				72BF1BAC25597375001C65BC /* SlidingDataSource.swift */,
				72BF1BAD25597375001C65BC /* ChatDataSource.swift */,
			);
			path = DataSources;
			sourceTree = "<group>";
		};
		72BF1BAE25597375001C65BC /* Models */ = {
			isa = PBXGroup;
			children = (
				72BF1BAF25597375001C65BC /* ChatMessageFactory.swift */,
				72BF1BB025597375001C65BC /* Model */,
				72BF1BB325597375001C65BC /* TextModel */,
				72BF1BB625597375001C65BC /* Base Message */,
			);
			path = Models;
			sourceTree = "<group>";
		};
		72BF1BB025597375001C65BC /* Model */ = {
			isa = PBXGroup;
			children = (
				72BF1BB125597375001C65BC /* SendingStatusModel.swift */,
				72BF1BB225597375001C65BC /* TimeSeparatorModel.swift */,
			);
			path = Model;
			sourceTree = "<group>";
		};
		72BF1BB325597375001C65BC /* TextModel */ = {
			isa = PBXGroup;
			children = (
				72BF1BB425597375001C65BC /* ChatTextMessageModel.swift */,
				72BF1BB525597375001C65BC /* ChatTextMessageViewModelBuilder.swift */,
			);
			path = TextModel;
			sourceTree = "<group>";
		};
		72BF1BB625597375001C65BC /* Base Message */ = {
			isa = PBXGroup;
			children = (
				72BF1BB725597375001C65BC /* BaseMessageCollectionViewCellAvatarStyle.swift */,
				72BF1BB825597375001C65BC /* ChatMessageInteractionHandler.swift */,
			);
			path = "Base Message";
			sourceTree = "<group>";
		};
		72BF1BB925597375001C65BC /* Controllers */ = {
			isa = PBXGroup;
			children = (
				72BF1BBA25597375001C65BC /* BaseMessagesSelector.swift */,
				72BF1BBB25597375001C65BC /* ChatViewController.swift */,
				72BF1BBC25597375001C65BC /* ChatItemsDecorator.swift */,
				72BF1BBD25597375001C65BC /* ChatMessageSender.swift */,
				72BF1BBE25597375001C65BC /* ReplyActionHandler.swift */,
			);
			path = Controllers;
			sourceTree = "<group>";
		};
		72BF1BBF25597375001C65BC /* Views */ = {
			isa = PBXGroup;
			children = (
				7255663D255D1AE90048E293 /* ChatInputItem */,
				72BF1BC025597375001C65BC /* SendingStatusCollectionViewCell.swift */,
				72BF1BC125597375001C65BC /* SendingStatusCollectionViewCell.xib */,
			);
			path = Views;
			sourceTree = "<group>";
		};
		72BF1BC225597375001C65BC /* Store */ = {
			isa = PBXGroup;
			children = (
				72BF1BE32559749B001C65BC /* Beehive.swift */,
				72BF1BE6255975FF001C65BC /* HiveRoom.swift */,
				72BF1BFD25598CD0001C65BC /* DBUser.swift */,
				72BF1BF825598378001C65BC /* Message.swift */,
			);
			path = Store;
			sourceTree = "<group>";
		};
/* End PBXGroup section */

/* Begin PBXNativeTarget section */
		72164A88255828F100D16117 /* ChatExample */ = {
			isa = PBXNativeTarget;
			buildConfigurationList = 72164A9D255828F200D16117 /* Build configuration list for PBXNativeTarget "ChatExample" */;
			buildPhases = (
				F7FE948A03A603566E109909 /* [CP] Check Pods Manifest.lock */,
				72164A85255828F100D16117 /* Sources */,
				72164A86255828F100D16117 /* Frameworks */,
				72164A87255828F100D16117 /* Resources */,
				1A47C4E5B546CFD3DD23FF2A /* [CP] Embed Pods Frameworks */,
			);
			buildRules = (
			);
			dependencies = (
			);
			name = ChatExample;
			productName = ChatExample;
			productReference = 72164A89255828F100D16117 /* ChatExample.app */;
			productType = "com.apple.product-type.application";
		};
/* End PBXNativeTarget section */

/* Begin PBXProject section */
		72164A81255828F100D16117 /* Project object */ = {
			isa = PBXProject;
			attributes = {
				LastSwiftUpdateCheck = 1210;
				LastUpgradeCheck = 1210;
				TargetAttributes = {
					72164A88255828F100D16117 = {
						CreatedOnToolsVersion = 12.1;
					};
				};
			};
			buildConfigurationList = 72164A84255828F100D16117 /* Build configuration list for PBXProject "ChatExample" */;
			compatibilityVersion = "Xcode 9.3";
			developmentRegion = en;
			hasScannedForEncodings = 0;
			knownRegions = (
				en,
				Base,
			);
			mainGroup = 72164A80255828F100D16117;
			productRefGroup = 72164A8A255828F100D16117 /* Products */;
			projectDirPath = "";
			projectRoot = "";
			targets = (
				72164A88255828F100D16117 /* ChatExample */,
			);
		};
/* End PBXProject section */

/* Begin PBXResourcesBuildPhase section */
		72164A87255828F100D16117 /* Resources */ = {
			isa = PBXResourcesBuildPhase;
			buildActionMask = 2147483647;
			files = (
				72164A99255828F200D16117 /* LaunchScreen.storyboard in Resources */,
				72164A96255828F200D16117 /* Assets.xcassets in Resources */,
				72164A94255828F100D16117 /* Main.storyboard in Resources */,
				72BF1BD225597376001C65BC /* SendingStatusCollectionViewCell.xib in Resources */,
			);
			runOnlyForDeploymentPostprocessing = 0;
		};
/* End PBXResourcesBuildPhase section */

/* Begin PBXShellScriptBuildPhase section */
		1A47C4E5B546CFD3DD23FF2A /* [CP] Embed Pods Frameworks */ = {
			isa = PBXShellScriptBuildPhase;
			buildActionMask = 2147483647;
			files = (
			);
			inputFileListPaths = (
				"${PODS_ROOT}/Target Support Files/Pods-ChatExample/Pods-ChatExample-frameworks-${CONFIGURATION}-input-files.xcfilelist",
			);
			name = "[CP] Embed Pods Frameworks";
			outputFileListPaths = (
				"${PODS_ROOT}/Target Support Files/Pods-ChatExample/Pods-ChatExample-frameworks-${CONFIGURATION}-output-files.xcfilelist",
			);
			runOnlyForDeploymentPostprocessing = 0;
			shellPath = /bin/sh;
			shellScript = "\"${PODS_ROOT}/Target Support Files/Pods-ChatExample/Pods-ChatExample-frameworks.sh\"\n";
			showEnvVarsInLog = 0;
		};
		F7FE948A03A603566E109909 /* [CP] Check Pods Manifest.lock */ = {
			isa = PBXShellScriptBuildPhase;
			buildActionMask = 2147483647;
			files = (
			);
			inputFileListPaths = (
			);
			inputPaths = (
				"${PODS_PODFILE_DIR_PATH}/Podfile.lock",
				"${PODS_ROOT}/Manifest.lock",
			);
			name = "[CP] Check Pods Manifest.lock";
			outputFileListPaths = (
			);
			outputPaths = (
				"$(DERIVED_FILE_DIR)/Pods-ChatExample-checkManifestLockResult.txt",
			);
			runOnlyForDeploymentPostprocessing = 0;
			shellPath = /bin/sh;
			shellScript = "diff \"${PODS_PODFILE_DIR_PATH}/Podfile.lock\" \"${PODS_ROOT}/Manifest.lock\" > /dev/null\nif [ $? != 0 ] ; then\n    # print error to STDERR\n    echo \"error: The sandbox is not in sync with the Podfile.lock. Run 'pod install' or update your CocoaPods installation.\" >&2\n    exit 1\nfi\n# This output is used by Xcode 'outputs' to avoid re-running this script phase.\necho \"SUCCESS\" > \"${SCRIPT_OUTPUT_FILE_0}\"\n";
			showEnvVarsInLog = 0;
		};
/* End PBXShellScriptBuildPhase section */

/* Begin PBXSourcesBuildPhase section */
		72164A85255828F100D16117 /* Sources */ = {
			isa = PBXSourcesBuildPhase;
			buildActionMask = 2147483647;
			files = (
				72BF1BC525597375001C65BC /* ChatMessageFactory.swift in Sources */,
				72BF1BCB25597375001C65BC /* ChatMessageInteractionHandler.swift in Sources */,
				72164A91255828F100D16117 /* ViewController.swift in Sources */,
				72164A8D255828F100D16117 /* AppDelegate.swift in Sources */,
				72BF1BC625597375001C65BC /* SendingStatusModel.swift in Sources */,
				724D39FC255C1CD100A87728 /* Api.swift in Sources */,
				72BF1BD025597376001C65BC /* ReplyActionHandler.swift in Sources */,
				72BF1BE42559749B001C65BC /* Beehive.swift in Sources */,
				72BF1BCC25597375001C65BC /* BaseMessagesSelector.swift in Sources */,
				72BF1BC825597375001C65BC /* ChatTextMessageModel.swift in Sources */,
				72BF1BC725597375001C65BC /* TimeSeparatorModel.swift in Sources */,
				7255663F255D1AF70048E293 /* VideoChatInputItem.swift in Sources */,
				72BF1BCF25597376001C65BC /* ChatMessageSender.swift in Sources */,
				72164A8F255828F100D16117 /* SceneDelegate.swift in Sources */,
				72BF1BD125597376001C65BC /* SendingStatusCollectionViewCell.swift in Sources */,
				72BF1BC925597375001C65BC /* ChatTextMessageViewModelBuilder.swift in Sources */,
				724D3A0C255C29BD00A87728 /* Model.swift in Sources */,
				72BF1BCD25597375001C65BC /* ChatViewController.swift in Sources */,
				72BF1BE7255975FF001C65BC /* HiveRoom.swift in Sources */,
				72BF1BFE25598CD0001C65BC /* DBUser.swift in Sources */,
				72BF1BCE25597376001C65BC /* ChatItemsDecorator.swift in Sources */,
				72BF1BCA25597375001C65BC /* BaseMessageCollectionViewCellAvatarStyle.swift in Sources */,
				72BF1BF925598378001C65BC /* Message.swift in Sources */,
				72BF1BC325597375001C65BC /* SlidingDataSource.swift in Sources */,
				72BF1BC425597375001C65BC /* ChatDataSource.swift in Sources */,
				724D3A0F255C29D600A87728 /* Response.swift in Sources */,
			);
			runOnlyForDeploymentPostprocessing = 0;
		};
/* End PBXSourcesBuildPhase section */

/* Begin PBXVariantGroup section */
		72164A92255828F100D16117 /* Main.storyboard */ = {
			isa = PBXVariantGroup;
			children = (
				72164A93255828F100D16117 /* Base */,
			);
			name = Main.storyboard;
			sourceTree = "<group>";
		};
		72164A97255828F200D16117 /* LaunchScreen.storyboard */ = {
			isa = PBXVariantGroup;
			children = (
				72164A98255828F200D16117 /* Base */,
			);
			name = LaunchScreen.storyboard;
			sourceTree = "<group>";
		};
/* End PBXVariantGroup section */

/* Begin XCBuildConfiguration section */
		72164A9B255828F200D16117 /* Debug */ = {
			isa = XCBuildConfiguration;
			buildSettings = {
				ALWAYS_SEARCH_USER_PATHS = NO;
				CLANG_ANALYZER_NONNULL = YES;
				CLANG_ANALYZER_NUMBER_OBJECT_CONVERSION = YES_AGGRESSIVE;
				CLANG_CXX_LANGUAGE_STANDARD = "gnu++14";
				CLANG_CXX_LIBRARY = "libc++";
				CLANG_ENABLE_MODULES = YES;
				CLANG_ENABLE_OBJC_ARC = YES;
				CLANG_ENABLE_OBJC_WEAK = YES;
				CLANG_WARN_BLOCK_CAPTURE_AUTORELEASING = YES;
				CLANG_WARN_BOOL_CONVERSION = YES;
				CLANG_WARN_COMMA = YES;
				CLANG_WARN_CONSTANT_CONVERSION = YES;
				CLANG_WARN_DEPRECATED_OBJC_IMPLEMENTATIONS = YES;
				CLANG_WARN_DIRECT_OBJC_ISA_USAGE = YES_ERROR;
				CLANG_WARN_DOCUMENTATION_COMMENTS = YES;
				CLANG_WARN_EMPTY_BODY = YES;
				CLANG_WARN_ENUM_CONVERSION = YES;
				CLANG_WARN_INFINITE_RECURSION = YES;
				CLANG_WARN_INT_CONVERSION = YES;
				CLANG_WARN_NON_LITERAL_NULL_CONVERSION = YES;
				CLANG_WARN_OBJC_IMPLICIT_RETAIN_SELF = YES;
				CLANG_WARN_OBJC_LITERAL_CONVERSION = YES;
				CLANG_WARN_OBJC_ROOT_CLASS = YES_ERROR;
				CLANG_WARN_QUOTED_INCLUDE_IN_FRAMEWORK_HEADER = YES;
				CLANG_WARN_RANGE_LOOP_ANALYSIS = YES;
				CLANG_WARN_STRICT_PROTOTYPES = YES;
				CLANG_WARN_SUSPICIOUS_MOVE = YES;
				CLANG_WARN_UNGUARDED_AVAILABILITY = YES_AGGRESSIVE;
				CLANG_WARN_UNREACHABLE_CODE = YES;
				CLANG_WARN__DUPLICATE_METHOD_MATCH = YES;
				COPY_PHASE_STRIP = NO;
				DEBUG_INFORMATION_FORMAT = dwarf;
				ENABLE_STRICT_OBJC_MSGSEND = YES;
				ENABLE_TESTABILITY = YES;
				GCC_C_LANGUAGE_STANDARD = gnu11;
				GCC_DYNAMIC_NO_PIC = NO;
				GCC_NO_COMMON_BLOCKS = YES;
				GCC_OPTIMIZATION_LEVEL = 0;
				GCC_PREPROCESSOR_DEFINITIONS = (
					"DEBUG=1",
					"$(inherited)",
				);
				GCC_WARN_64_TO_32_BIT_CONVERSION = YES;
				GCC_WARN_ABOUT_RETURN_TYPE = YES_ERROR;
				GCC_WARN_UNDECLARED_SELECTOR = YES;
				GCC_WARN_UNINITIALIZED_AUTOS = YES_AGGRESSIVE;
				GCC_WARN_UNUSED_FUNCTION = YES;
				GCC_WARN_UNUSED_VARIABLE = YES;
				IPHONEOS_DEPLOYMENT_TARGET = 14.1;
				MTL_ENABLE_DEBUG_INFO = INCLUDE_SOURCE;
				MTL_FAST_MATH = YES;
				ONLY_ACTIVE_ARCH = YES;
				SDKROOT = iphoneos;
				SWIFT_ACTIVE_COMPILATION_CONDITIONS = DEBUG;
				SWIFT_OPTIMIZATION_LEVEL = "-Onone";
			};
			name = Debug;
		};
		72164A9C255828F200D16117 /* Release */ = {
			isa = XCBuildConfiguration;
			buildSettings = {
				ALWAYS_SEARCH_USER_PATHS = NO;
				CLANG_ANALYZER_NONNULL = YES;
				CLANG_ANALYZER_NUMBER_OBJECT_CONVERSION = YES_AGGRESSIVE;
				CLANG_CXX_LANGUAGE_STANDARD = "gnu++14";
				CLANG_CXX_LIBRARY = "libc++";
				CLANG_ENABLE_MODULES = YES;
				CLANG_ENABLE_OBJC_ARC = YES;
				CLANG_ENABLE_OBJC_WEAK = YES;
				CLANG_WARN_BLOCK_CAPTURE_AUTORELEASING = YES;
				CLANG_WARN_BOOL_CONVERSION = YES;
				CLANG_WARN_COMMA = YES;
				CLANG_WARN_CONSTANT_CONVERSION = YES;
				CLANG_WARN_DEPRECATED_OBJC_IMPLEMENTATIONS = YES;
				CLANG_WARN_DIRECT_OBJC_ISA_USAGE = YES_ERROR;
				CLANG_WARN_DOCUMENTATION_COMMENTS = YES;
				CLANG_WARN_EMPTY_BODY = YES;
				CLANG_WARN_ENUM_CONVERSION = YES;
				CLANG_WARN_INFINITE_RECURSION = YES;
				CLANG_WARN_INT_CONVERSION = YES;
				CLANG_WARN_NON_LITERAL_NULL_CONVERSION = YES;
				CLANG_WARN_OBJC_IMPLICIT_RETAIN_SELF = YES;
				CLANG_WARN_OBJC_LITERAL_CONVERSION = YES;
				CLANG_WARN_OBJC_ROOT_CLASS = YES_ERROR;
				CLANG_WARN_QUOTED_INCLUDE_IN_FRAMEWORK_HEADER = YES;
				CLANG_WARN_RANGE_LOOP_ANALYSIS = YES;
				CLANG_WARN_STRICT_PROTOTYPES = YES;
				CLANG_WARN_SUSPICIOUS_MOVE = YES;
				CLANG_WARN_UNGUARDED_AVAILABILITY = YES_AGGRESSIVE;
				CLANG_WARN_UNREACHABLE_CODE = YES;
				CLANG_WARN__DUPLICATE_METHOD_MATCH = YES;
				COPY_PHASE_STRIP = NO;
				DEBUG_INFORMATION_FORMAT = "dwarf-with-dsym";
				ENABLE_NS_ASSERTIONS = NO;
				ENABLE_STRICT_OBJC_MSGSEND = YES;
				GCC_C_LANGUAGE_STANDARD = gnu11;
				GCC_NO_COMMON_BLOCKS = YES;
				GCC_WARN_64_TO_32_BIT_CONVERSION = YES;
				GCC_WARN_ABOUT_RETURN_TYPE = YES_ERROR;
				GCC_WARN_UNDECLARED_SELECTOR = YES;
				GCC_WARN_UNINITIALIZED_AUTOS = YES_AGGRESSIVE;
				GCC_WARN_UNUSED_FUNCTION = YES;
				GCC_WARN_UNUSED_VARIABLE = YES;
				IPHONEOS_DEPLOYMENT_TARGET = 14.1;
				MTL_ENABLE_DEBUG_INFO = NO;
				MTL_FAST_MATH = YES;
				SDKROOT = iphoneos;
				SWIFT_COMPILATION_MODE = wholemodule;
				SWIFT_OPTIMIZATION_LEVEL = "-O";
				VALIDATE_PRODUCT = YES;
			};
			name = Release;
		};
		72164A9E255828F200D16117 /* Debug */ = {
			isa = XCBuildConfiguration;
			baseConfigurationReference = C344C715F6A1A2FC2E0A7DE0 /* Pods-ChatExample.debug.xcconfig */;
			buildSettings = {
				ASSETCATALOG_COMPILER_APPICON_NAME = AppIcon;
				ASSETCATALOG_COMPILER_GLOBAL_ACCENT_COLOR_NAME = AccentColor;
				CODE_SIGN_STYLE = Automatic;
				INFOPLIST_FILE = ChatExample/Info.plist;
				LD_RUNPATH_SEARCH_PATHS = (
					"$(inherited)",
					"@executable_path/Frameworks",
				);
				PRODUCT_BUNDLE_IDENTIFIER = com.zpz.ChatExample.a;
				PRODUCT_NAME = "$(TARGET_NAME)";
				SWIFT_VERSION = 5.0;
				TARGETED_DEVICE_FAMILY = 1;
			};
			name = Debug;
		};
		72164A9F255828F200D16117 /* Release */ = {
			isa = XCBuildConfiguration;
			baseConfigurationReference = 43F93882C54D1936708492CB /* Pods-ChatExample.release.xcconfig */;
			buildSettings = {
				ASSETCATALOG_COMPILER_APPICON_NAME = AppIcon;
				ASSETCATALOG_COMPILER_GLOBAL_ACCENT_COLOR_NAME = AccentColor;
				CODE_SIGN_STYLE = Automatic;
				INFOPLIST_FILE = ChatExample/Info.plist;
				LD_RUNPATH_SEARCH_PATHS = (
					"$(inherited)",
					"@executable_path/Frameworks",
				);
				PRODUCT_BUNDLE_IDENTIFIER = com.zpz.ChatExample.a;
				PRODUCT_NAME = "$(TARGET_NAME)";
				SWIFT_VERSION = 5.0;
				TARGETED_DEVICE_FAMILY = 1;
			};
			name = Release;
		};
/* End XCBuildConfiguration section */

/* Begin XCConfigurationList section */
		72164A84255828F100D16117 /* Build configuration list for PBXProject "ChatExample" */ = {
			isa = XCConfigurationList;
			buildConfigurations = (
				72164A9B255828F200D16117 /* Debug */,
				72164A9C255828F200D16117 /* Release */,
			);
			defaultConfigurationIsVisible = 0;
			defaultConfigurationName = Release;
		};
		72164A9D255828F200D16117 /* Build configuration list for PBXNativeTarget "ChatExample" */ = {
			isa = XCConfigurationList;
			buildConfigurations = (
				72164A9E255828F200D16117 /* Debug */,
				72164A9F255828F200D16117 /* Release */,
			);
			defaultConfigurationIsVisible = 0;
			defaultConfigurationName = Release;
		};
/* End XCConfigurationList section */
	};
	rootObject = 72164A81255828F100D16117 /* Project object */;
}
