// !$*UTF8*$!
{
	archiveVersion = 1;
	classes = {
	};
	objectVersion = 51;
	objects = {

/* Begin PBXBuildFile section */
		43B9C52C90F841B34E0779D6 /* Pods_ChatExample.framework in Frameworks */ = {isa = PBXBuildFile; fileRef = 335C67589E356CA94AEFF627 /* Pods_ChatExample.framework */; };
		72164A8D255828F100D16117 /* AppDelegate.swift in Sources */ = {isa = PBXBuildFile; fileRef = 72164A8C255828F100D16117 /* AppDelegate.swift */; };
		72164A8F255828F100D16117 /* SceneDelegate.swift in Sources */ = {isa = PBXBuildFile; fileRef = 72164A8E255828F100D16117 /* SceneDelegate.swift */; };
		72164A91255828F100D16117 /* ViewController.swift in Sources */ = {isa = PBXBuildFile; fileRef = 72164A90255828F100D16117 /* ViewController.swift */; };
		72164A94255828F100D16117 /* Main.storyboard in Resources */ = {isa = PBXBuildFile; fileRef = 72164A92255828F100D16117 /* Main.storyboard */; };
		72164A96255828F200D16117 /* Assets.xcassets in Resources */ = {isa = PBXBuildFile; fileRef = 72164A95255828F200D16117 /* Assets.xcassets */; };
		72164A99255828F200D16117 /* LaunchScreen.storyboard in Resources */ = {isa = PBXBuildFile; fileRef = 72164A97255828F200D16117 /* LaunchScreen.storyboard */; };
		72243B4A255932C400545790 /* ChatTextMessageModel.swift in Sources */ = {isa = PBXBuildFile; fileRef = 72243B48255932C400545790 /* ChatTextMessageModel.swift */; };
		72243B4B255932C400545790 /* ChatTextMessageViewModelBuilder.swift in Sources */ = {isa = PBXBuildFile; fileRef = 72243B49255932C400545790 /* ChatTextMessageViewModelBuilder.swift */; };
		72243B552559345900545790 /* BaseMessageCollectionViewCellAvatarStyle.swift in Sources */ = {isa = PBXBuildFile; fileRef = 72243B532559345900545790 /* BaseMessageCollectionViewCellAvatarStyle.swift */; };
		72243B562559345900545790 /* ChatMessageInteractionHandler.swift in Sources */ = {isa = PBXBuildFile; fileRef = 72243B542559345900545790 /* ChatMessageInteractionHandler.swift */; };
		72829FC225591FBB0004C08C /* SlidingDataSource.swift in Sources */ = {isa = PBXBuildFile; fileRef = 72829FAD25591FBA0004C08C /* SlidingDataSource.swift */; };
		72829FC325591FBB0004C08C /* ChatDataSource.swift in Sources */ = {isa = PBXBuildFile; fileRef = 72829FAE25591FBA0004C08C /* ChatDataSource.swift */; };
		72829FC425591FBB0004C08C /* ChatMessageFactory.swift in Sources */ = {isa = PBXBuildFile; fileRef = 72829FB025591FBA0004C08C /* ChatMessageFactory.swift */; };
		72829FC525591FBB0004C08C /* SendingStatusModel.swift in Sources */ = {isa = PBXBuildFile; fileRef = 72829FB225591FBA0004C08C /* SendingStatusModel.swift */; };
		72829FC625591FBB0004C08C /* TimeSeparatorModel.swift in Sources */ = {isa = PBXBuildFile; fileRef = 72829FB325591FBA0004C08C /* TimeSeparatorModel.swift */; };
		72829FCB25591FBB0004C08C /* SendingStatusCollectionViewCell.swift in Sources */ = {isa = PBXBuildFile; fileRef = 72829FBA25591FBB0004C08C /* SendingStatusCollectionViewCell.swift */; };
		72829FCC25591FBB0004C08C /* SendingStatusCollectionViewCell.xib in Resources */ = {isa = PBXBuildFile; fileRef = 72829FBB25591FBB0004C08C /* SendingStatusCollectionViewCell.xib */; };
		72829FCD25591FBB0004C08C /* BaseMessagesSelector.swift in Sources */ = {isa = PBXBuildFile; fileRef = 72829FBD25591FBB0004C08C /* BaseMessagesSelector.swift */; };
		72829FCE25591FBB0004C08C /* ChatViewController.swift in Sources */ = {isa = PBXBuildFile; fileRef = 72829FBE25591FBB0004C08C /* ChatViewController.swift */; };
		72829FCF25591FBB0004C08C /* ChatItemsDecorator.swift in Sources */ = {isa = PBXBuildFile; fileRef = 72829FBF25591FBB0004C08C /* ChatItemsDecorator.swift */; };
		72829FD025591FBB0004C08C /* ChatMessageSender.swift in Sources */ = {isa = PBXBuildFile; fileRef = 72829FC025591FBB0004C08C /* ChatMessageSender.swift */; };
		72829FD125591FBB0004C08C /* ReplyActionHandler.swift in Sources */ = {isa = PBXBuildFile; fileRef = 72829FC125591FBB0004C08C /* ReplyActionHandler.swift */; };
/* End PBXBuildFile section */

/* Begin PBXFileReference section */
		335C67589E356CA94AEFF627 /* Pods_ChatExample.framework */ = {isa = PBXFileReference; explicitFileType = wrapper.framework; includeInIndex = 0; path = Pods_ChatExample.framework; sourceTree = BUILT_PRODUCTS_DIR; };
		43F93882C54D1936708492CB /* Pods-ChatExample.release.xcconfig */ = {isa = PBXFileReference; includeInIndex = 1; lastKnownFileType = text.xcconfig; name = "Pods-ChatExample.release.xcconfig"; path = "Target Support Files/Pods-ChatExample/Pods-ChatExample.release.xcconfig"; sourceTree = "<group>"; };
		72164A89255828F100D16117 /* ChatExample.app */ = {isa = PBXFileReference; explicitFileType = wrapper.application; includeInIndex = 0; path = ChatExample.app; sourceTree = BUILT_PRODUCTS_DIR; };
		72164A8C255828F100D16117 /* AppDelegate.swift */ = {isa = PBXFileReference; lastKnownFileType = sourcecode.swift; path = AppDelegate.swift; sourceTree = "<group>"; };
		72164A8E255828F100D16117 /* SceneDelegate.swift */ = {isa = PBXFileReference; lastKnownFileType = sourcecode.swift; path = SceneDelegate.swift; sourceTree = "<group>"; };
		72164A90255828F100D16117 /* ViewController.swift */ = {isa = PBXFileReference; lastKnownFileType = sourcecode.swift; path = ViewController.swift; sourceTree = "<group>"; };
		72164A93255828F100D16117 /* Base */ = {isa = PBXFileReference; lastKnownFileType = file.storyboard; name = Base; path = Base.lproj/Main.storyboard; sourceTree = "<group>"; };
		72164A95255828F200D16117 /* Assets.xcassets */ = {isa = PBXFileReference; lastKnownFileType = folder.assetcatalog; path = Assets.xcassets; sourceTree = "<group>"; };
		72164A98255828F200D16117 /* Base */ = {isa = PBXFileReference; lastKnownFileType = file.storyboard; name = Base; path = Base.lproj/LaunchScreen.storyboard; sourceTree = "<group>"; };
		72164A9A255828F200D16117 /* Info.plist */ = {isa = PBXFileReference; lastKnownFileType = text.plist.xml; path = Info.plist; sourceTree = "<group>"; };
		72243B48255932C400545790 /* ChatTextMessageModel.swift */ = {isa = PBXFileReference; fileEncoding = 4; lastKnownFileType = sourcecode.swift; path = ChatTextMessageModel.swift; sourceTree = "<group>"; };
		72243B49255932C400545790 /* ChatTextMessageViewModelBuilder.swift */ = {isa = PBXFileReference; fileEncoding = 4; lastKnownFileType = sourcecode.swift; path = ChatTextMessageViewModelBuilder.swift; sourceTree = "<group>"; };
		72243B532559345900545790 /* BaseMessageCollectionViewCellAvatarStyle.swift */ = {isa = PBXFileReference; fileEncoding = 4; lastKnownFileType = sourcecode.swift; path = BaseMessageCollectionViewCellAvatarStyle.swift; sourceTree = "<group>"; };
		72243B542559345900545790 /* ChatMessageInteractionHandler.swift */ = {isa = PBXFileReference; fileEncoding = 4; lastKnownFileType = sourcecode.swift; path = ChatMessageInteractionHandler.swift; sourceTree = "<group>"; };
		72829FAD25591FBA0004C08C /* SlidingDataSource.swift */ = {isa = PBXFileReference; fileEncoding = 4; lastKnownFileType = sourcecode.swift; path = SlidingDataSource.swift; sourceTree = "<group>"; };
		72829FAE25591FBA0004C08C /* ChatDataSource.swift */ = {isa = PBXFileReference; fileEncoding = 4; lastKnownFileType = sourcecode.swift; path = ChatDataSource.swift; sourceTree = "<group>"; };
		72829FB025591FBA0004C08C /* ChatMessageFactory.swift */ = {isa = PBXFileReference; fileEncoding = 4; lastKnownFileType = sourcecode.swift; path = ChatMessageFactory.swift; sourceTree = "<group>"; };
		72829FB225591FBA0004C08C /* SendingStatusModel.swift */ = {isa = PBXFileReference; fileEncoding = 4; lastKnownFileType = sourcecode.swift; path = SendingStatusModel.swift; sourceTree = "<group>"; };
		72829FB325591FBA0004C08C /* TimeSeparatorModel.swift */ = {isa = PBXFileReference; fileEncoding = 4; lastKnownFileType = sourcecode.swift; path = TimeSeparatorModel.swift; sourceTree = "<group>"; };
		72829FBA25591FBB0004C08C /* SendingStatusCollectionViewCell.swift */ = {isa = PBXFileReference; fileEncoding = 4; lastKnownFileType = sourcecode.swift; path = SendingStatusCollectionViewCell.swift; sourceTree = "<group>"; };
		72829FBB25591FBB0004C08C /* SendingStatusCollectionViewCell.xib */ = {isa = PBXFileReference; fileEncoding = 4; lastKnownFileType = file.xib; path = SendingStatusCollectionViewCell.xib; sourceTree = "<group>"; };
		72829FBD25591FBB0004C08C /* BaseMessagesSelector.swift */ = {isa = PBXFileReference; fileEncoding = 4; lastKnownFileType = sourcecode.swift; path = BaseMessagesSelector.swift; sourceTree = "<group>"; };
		72829FBE25591FBB0004C08C /* ChatViewController.swift */ = {isa = PBXFileReference; fileEncoding = 4; lastKnownFileType = sourcecode.swift; path = ChatViewController.swift; sourceTree = "<group>"; };
		72829FBF25591FBB0004C08C /* ChatItemsDecorator.swift */ = {isa = PBXFileReference; fileEncoding = 4; lastKnownFileType = sourcecode.swift; path = ChatItemsDecorator.swift; sourceTree = "<group>"; };
		72829FC025591FBB0004C08C /* ChatMessageSender.swift */ = {isa = PBXFileReference; fileEncoding = 4; lastKnownFileType = sourcecode.swift; path = ChatMessageSender.swift; sourceTree = "<group>"; };
		72829FC125591FBB0004C08C /* ReplyActionHandler.swift */ = {isa = PBXFileReference; fileEncoding = 4; lastKnownFileType = sourcecode.swift; path = ReplyActionHandler.swift; sourceTree = "<group>"; };
		C344C715F6A1A2FC2E0A7DE0 /* Pods-ChatExample.debug.xcconfig */ = {isa = PBXFileReference; includeInIndex = 1; lastKnownFileType = text.xcconfig; name = "Pods-ChatExample.debug.xcconfig"; path = "Target Support Files/Pods-ChatExample/Pods-ChatExample.debug.xcconfig"; sourceTree = "<group>"; };
/* End PBXFileReference section */

/* Begin PBXFrameworksBuildPhase section */
		72164A86255828F100D16117 /* Frameworks */ = {
			isa = PBXFrameworksBuildPhase;
			buildActionMask = 2147483647;
			files = (
				43B9C52C90F841B34E0779D6 /* Pods_ChatExample.framework in Frameworks */,
			);
			runOnlyForDeploymentPostprocessing = 0;
		};
/* End PBXFrameworksBuildPhase section */

/* Begin PBXGroup section */
		2C7583BF20922D94BD524D9A /* Pods */ = {
			isa = PBXGroup;
			children = (
				C344C715F6A1A2FC2E0A7DE0 /* Pods-ChatExample.debug.xcconfig */,
				43F93882C54D1936708492CB /* Pods-ChatExample.release.xcconfig */,
			);
			path = Pods;
			sourceTree = "<group>";
		};
		54FCD3BC249CE44821D5A3BF /* Frameworks */ = {
			isa = PBXGroup;
			children = (
				335C67589E356CA94AEFF627 /* Pods_ChatExample.framework */,
			);
			name = Frameworks;
			sourceTree = "<group>";
		};
		72164A80255828F100D16117 = {
			isa = PBXGroup;
			children = (
				72164A8B255828F100D16117 /* ChatExample */,
				72164A8A255828F100D16117 /* Products */,
				2C7583BF20922D94BD524D9A /* Pods */,
				54FCD3BC249CE44821D5A3BF /* Frameworks */,
			);
			sourceTree = "<group>";
		};
		72164A8A255828F100D16117 /* Products */ = {
			isa = PBXGroup;
			children = (
				72164A89255828F100D16117 /* ChatExample.app */,
			);
			name = Products;
			sourceTree = "<group>";
		};
		72164A8B255828F100D16117 /* ChatExample */ = {
			isa = PBXGroup;
			children = (
				72164AA825582A0400D16117 /* Chat */,
				72164A8C255828F100D16117 /* AppDelegate.swift */,
				72164A8E255828F100D16117 /* SceneDelegate.swift */,
				72164A90255828F100D16117 /* ViewController.swift */,
				72164A92255828F100D16117 /* Main.storyboard */,
				72164A95255828F200D16117 /* Assets.xcassets */,
				72164A97255828F200D16117 /* LaunchScreen.storyboard */,
				72164A9A255828F200D16117 /* Info.plist */,
			);
			path = ChatExample;
			sourceTree = "<group>";
		};
		72164AA825582A0400D16117 /* Chat */ = {
			isa = PBXGroup;
			children = (
				72829FBC25591FBB0004C08C /* Controllers */,
				72829FAC25591FBA0004C08C /* DataSources */,
				72829FAF25591FBA0004C08C /* Models */,
				72829FB925591FBB0004C08C /* Views */,
			);
			path = Chat;
			sourceTree = "<group>";
		};
		72243B522559345900545790 /* Base Message */ = {
			isa = PBXGroup;
			children = (
				72243B532559345900545790 /* BaseMessageCollectionViewCellAvatarStyle.swift */,
				72243B542559345900545790 /* ChatMessageInteractionHandler.swift */,
			);
			path = "Base Message";
			sourceTree = "<group>";
		};
		72829FAC25591FBA0004C08C /* DataSources */ = {
			isa = PBXGroup;
			children = (
				72829FAD25591FBA0004C08C /* SlidingDataSource.swift */,
				72829FAE25591FBA0004C08C /* ChatDataSource.swift */,
			);
			path = DataSources;
			sourceTree = "<group>";
		};
		72829FAF25591FBA0004C08C /* Models */ = {
			isa = PBXGroup;
			children = (
				72243B522559345900545790 /* Base Message */,
				72829FB025591FBA0004C08C /* ChatMessageFactory.swift */,
				72829FB125591FBA0004C08C /* Model */,
				72829FB425591FBA0004C08C /* TextModel */,
			);
			path = Models;
			sourceTree = "<group>";
		};
		72829FB125591FBA0004C08C /* Model */ = {
			isa = PBXGroup;
			children = (
				72829FB225591FBA0004C08C /* SendingStatusModel.swift */,
				72829FB325591FBA0004C08C /* TimeSeparatorModel.swift */,
			);
			path = Model;
			sourceTree = "<group>";
		};
		72829FB425591FBA0004C08C /* TextModel */ = {
			isa = PBXGroup;
			children = (
				72243B48255932C400545790 /* ChatTextMessageModel.swift */,
				72243B49255932C400545790 /* ChatTextMessageViewModelBuilder.swift */,
			);
			path = TextModel;
			sourceTree = "<group>";
		};
		72829FB925591FBB0004C08C /* Views */ = {
			isa = PBXGroup;
			children = (
				72829FBA25591FBB0004C08C /* SendingStatusCollectionViewCell.swift */,
				72829FBB25591FBB0004C08C /* SendingStatusCollectionViewCell.xib */,
			);
			path = Views;
			sourceTree = "<group>";
		};
		72829FBC25591FBB0004C08C /* Controllers */ = {
			isa = PBXGroup;
			children = (
				72829FBD25591FBB0004C08C /* BaseMessagesSelector.swift */,
				72829FBE25591FBB0004C08C /* ChatViewController.swift */,
				72829FBF25591FBB0004C08C /* ChatItemsDecorator.swift */,
				72829FC025591FBB0004C08C /* ChatMessageSender.swift */,
				72829FC125591FBB0004C08C /* ReplyActionHandler.swift */,
			);
			path = Controllers;
			sourceTree = "<group>";
		};
/* End PBXGroup section */

/* Begin PBXNativeTarget section */
		72164A88255828F100D16117 /* ChatExample */ = {
			isa = PBXNativeTarget;
			buildConfigurationList = 72164A9D255828F200D16117 /* Build configuration list for PBXNativeTarget "ChatExample" */;
			buildPhases = (
				F7FE948A03A603566E109909 /* [CP] Check Pods Manifest.lock */,
				72164A85255828F100D16117 /* Sources */,
				72164A86255828F100D16117 /* Frameworks */,
				72164A87255828F100D16117 /* Resources */,
				1A47C4E5B546CFD3DD23FF2A /* [CP] Embed Pods Frameworks */,
			);
			buildRules = (
			);
			dependencies = (
			);
			name = ChatExample;
			productName = ChatExample;
			productReference = 72164A89255828F100D16117 /* ChatExample.app */;
			productType = "com.apple.product-type.application";
		};
/* End PBXNativeTarget section */

/* Begin PBXProject section */
		72164A81255828F100D16117 /* Project object */ = {
			isa = PBXProject;
			attributes = {
				LastSwiftUpdateCheck = 1210;
				LastUpgradeCheck = 1210;
				TargetAttributes = {
					72164A88255828F100D16117 = {
						CreatedOnToolsVersion = 12.1;
					};
				};
			};
			buildConfigurationList = 72164A84255828F100D16117 /* Build configuration list for PBXProject "ChatExample" */;
			compatibilityVersion = "Xcode 9.3";
			developmentRegion = en;
			hasScannedForEncodings = 0;
			knownRegions = (
				en,
				Base,
			);
			mainGroup = 72164A80255828F100D16117;
			productRefGroup = 72164A8A255828F100D16117 /* Products */;
			projectDirPath = "";
			projectRoot = "";
			targets = (
				72164A88255828F100D16117 /* ChatExample */,
			);
		};
/* End PBXProject section */

/* Begin PBXResourcesBuildPhase section */
		72164A87255828F100D16117 /* Resources */ = {
			isa = PBXResourcesBuildPhase;
			buildActionMask = 2147483647;
			files = (
				72164A99255828F200D16117 /* LaunchScreen.storyboard in Resources */,
				72164A96255828F200D16117 /* Assets.xcassets in Resources */,
				72164A94255828F100D16117 /* Main.storyboard in Resources */,
				72829FCC25591FBB0004C08C /* SendingStatusCollectionViewCell.xib in Resources */,
			);
			runOnlyForDeploymentPostprocessing = 0;
		};
/* End PBXResourcesBuildPhase section */

/* Begin PBXShellScriptBuildPhase section */
		1A47C4E5B546CFD3DD23FF2A /* [CP] Embed Pods Frameworks */ = {
			isa = PBXShellScriptBuildPhase;
			buildActionMask = 2147483647;
			files = (
			);
			inputFileListPaths = (
				"${PODS_ROOT}/Target Support Files/Pods-ChatExample/Pods-ChatExample-frameworks-${CONFIGURATION}-input-files.xcfilelist",
			);
			name = "[CP] Embed Pods Frameworks";
			outputFileListPaths = (
				"${PODS_ROOT}/Target Support Files/Pods-ChatExample/Pods-ChatExample-frameworks-${CONFIGURATION}-output-files.xcfilelist",
			);
			runOnlyForDeploymentPostprocessing = 0;
			shellPath = /bin/sh;
			shellScript = "\"${PODS_ROOT}/Target Support Files/Pods-ChatExample/Pods-ChatExample-frameworks.sh\"\n";
			showEnvVarsInLog = 0;
		};
		F7FE948A03A603566E109909 /* [CP] Check Pods Manifest.lock */ = {
			isa = PBXShellScriptBuildPhase;
			buildActionMask = 2147483647;
			files = (
			);
			inputFileListPaths = (
			);
			inputPaths = (
				"${PODS_PODFILE_DIR_PATH}/Podfile.lock",
				"${PODS_ROOT}/Manifest.lock",
			);
			name = "[CP] Check Pods Manifest.lock";
			outputFileListPaths = (
			);
			outputPaths = (
				"$(DERIVED_FILE_DIR)/Pods-ChatExample-checkManifestLockResult.txt",
			);
			runOnlyForDeploymentPostprocessing = 0;
			shellPath = /bin/sh;
			shellScript = "diff \"${PODS_PODFILE_DIR_PATH}/Podfile.lock\" \"${PODS_ROOT}/Manifest.lock\" > /dev/null\nif [ $? != 0 ] ; then\n    # print error to STDERR\n    echo \"error: The sandbox is not in sync with the Podfile.lock. Run 'pod install' or update your CocoaPods installation.\" >&2\n    exit 1\nfi\n# This output is used by Xcode 'outputs' to avoid re-running this script phase.\necho \"SUCCESS\" > \"${SCRIPT_OUTPUT_FILE_0}\"\n";
			showEnvVarsInLog = 0;
		};
/* End PBXShellScriptBuildPhase section */

/* Begin PBXSourcesBuildPhase section */
		72164A85255828F100D16117 /* Sources */ = {
			isa = PBXSourcesBuildPhase;
			buildActionMask = 2147483647;
			files = (
				72243B552559345900545790 /* BaseMessageCollectionViewCellAvatarStyle.swift in Sources */,
				72829FC425591FBB0004C08C /* ChatMessageFactory.swift in Sources */,
				72164A91255828F100D16117 /* ViewController.swift in Sources */,
				72829FCD25591FBB0004C08C /* BaseMessagesSelector.swift in Sources */,
				72829FCB25591FBB0004C08C /* SendingStatusCollectionViewCell.swift in Sources */,
				72243B4B255932C400545790 /* ChatTextMessageViewModelBuilder.swift in Sources */,
				72164A8D255828F100D16117 /* AppDelegate.swift in Sources */,
				72829FC525591FBB0004C08C /* SendingStatusModel.swift in Sources */,
				72829FD025591FBB0004C08C /* ChatMessageSender.swift in Sources */,
				72829FCF25591FBB0004C08C /* ChatItemsDecorator.swift in Sources */,
				72243B4A255932C400545790 /* ChatTextMessageModel.swift in Sources */,
				72829FC625591FBB0004C08C /* TimeSeparatorModel.swift in Sources */,
				72164A8F255828F100D16117 /* SceneDelegate.swift in Sources */,
				72829FC225591FBB0004C08C /* SlidingDataSource.swift in Sources */,
				72243B562559345900545790 /* ChatMessageInteractionHandler.swift in Sources */,
				72829FD125591FBB0004C08C /* ReplyActionHandler.swift in Sources */,
				72829FCE25591FBB0004C08C /* ChatViewController.swift in Sources */,
				72829FC325591FBB0004C08C /* ChatDataSource.swift in Sources */,
			);
			runOnlyForDeploymentPostprocessing = 0;
		};
/* End PBXSourcesBuildPhase section */

/* Begin PBXVariantGroup section */
		72164A92255828F100D16117 /* Main.storyboard */ = {
			isa = PBXVariantGroup;
			children = (
				72164A93255828F100D16117 /* Base */,
			);
			name = Main.storyboard;
			sourceTree = "<group>";
		};
		72164A97255828F200D16117 /* LaunchScreen.storyboard */ = {
			isa = PBXVariantGroup;
			children = (
				72164A98255828F200D16117 /* Base */,
			);
			name = LaunchScreen.storyboard;
			sourceTree = "<group>";
		};
/* End PBXVariantGroup section */

/* Begin XCBuildConfiguration section */
		72164A9B255828F200D16117 /* Debug */ = {
			isa = XCBuildConfiguration;
			buildSettings = {
				ALWAYS_SEARCH_USER_PATHS = NO;
				CLANG_ANALYZER_NONNULL = YES;
				CLANG_ANALYZER_NUMBER_OBJECT_CONVERSION = YES_AGGRESSIVE;
				CLANG_CXX_LANGUAGE_STANDARD = "gnu++14";
				CLANG_CXX_LIBRARY = "libc++";
				CLANG_ENABLE_MODULES = YES;
				CLANG_ENABLE_OBJC_ARC = YES;
				CLANG_ENABLE_OBJC_WEAK = YES;
				CLANG_WARN_BLOCK_CAPTURE_AUTORELEASING = YES;
				CLANG_WARN_BOOL_CONVERSION = YES;
				CLANG_WARN_COMMA = YES;
				CLANG_WARN_CONSTANT_CONVERSION = YES;
				CLANG_WARN_DEPRECATED_OBJC_IMPLEMENTATIONS = YES;
				CLANG_WARN_DIRECT_OBJC_ISA_USAGE = YES_ERROR;
				CLANG_WARN_DOCUMENTATION_COMMENTS = YES;
				CLANG_WARN_EMPTY_BODY = YES;
				CLANG_WARN_ENUM_CONVERSION = YES;
				CLANG_WARN_INFINITE_RECURSION = YES;
				CLANG_WARN_INT_CONVERSION = YES;
				CLANG_WARN_NON_LITERAL_NULL_CONVERSION = YES;
				CLANG_WARN_OBJC_IMPLICIT_RETAIN_SELF = YES;
				CLANG_WARN_OBJC_LITERAL_CONVERSION = YES;
				CLANG_WARN_OBJC_ROOT_CLASS = YES_ERROR;
				CLANG_WARN_QUOTED_INCLUDE_IN_FRAMEWORK_HEADER = YES;
				CLANG_WARN_RANGE_LOOP_ANALYSIS = YES;
				CLANG_WARN_STRICT_PROTOTYPES = YES;
				CLANG_WARN_SUSPICIOUS_MOVE = YES;
				CLANG_WARN_UNGUARDED_AVAILABILITY = YES_AGGRESSIVE;
				CLANG_WARN_UNREACHABLE_CODE = YES;
				CLANG_WARN__DUPLICATE_METHOD_MATCH = YES;
				COPY_PHASE_STRIP = NO;
				DEBUG_INFORMATION_FORMAT = dwarf;
				ENABLE_STRICT_OBJC_MSGSEND = YES;
				ENABLE_TESTABILITY = YES;
				GCC_C_LANGUAGE_STANDARD = gnu11;
				GCC_DYNAMIC_NO_PIC = NO;
				GCC_NO_COMMON_BLOCKS = YES;
				GCC_OPTIMIZATION_LEVEL = 0;
				GCC_PREPROCESSOR_DEFINITIONS = (
					"DEBUG=1",
					"$(inherited)",
				);
				GCC_WARN_64_TO_32_BIT_CONVERSION = YES;
				GCC_WARN_ABOUT_RETURN_TYPE = YES_ERROR;
				GCC_WARN_UNDECLARED_SELECTOR = YES;
				GCC_WARN_UNINITIALIZED_AUTOS = YES_AGGRESSIVE;
				GCC_WARN_UNUSED_FUNCTION = YES;
				GCC_WARN_UNUSED_VARIABLE = YES;
				IPHONEOS_DEPLOYMENT_TARGET = 14.1;
				MTL_ENABLE_DEBUG_INFO = INCLUDE_SOURCE;
				MTL_FAST_MATH = YES;
				ONLY_ACTIVE_ARCH = YES;
				SDKROOT = iphoneos;
				SWIFT_ACTIVE_COMPILATION_CONDITIONS = DEBUG;
				SWIFT_OPTIMIZATION_LEVEL = "-Onone";
			};
			name = Debug;
		};
		72164A9C255828F200D16117 /* Release */ = {
			isa = XCBuildConfiguration;
			buildSettings = {
				ALWAYS_SEARCH_USER_PATHS = NO;
				CLANG_ANALYZER_NONNULL = YES;
				CLANG_ANALYZER_NUMBER_OBJECT_CONVERSION = YES_AGGRESSIVE;
				CLANG_CXX_LANGUAGE_STANDARD = "gnu++14";
				CLANG_CXX_LIBRARY = "libc++";
				CLANG_ENABLE_MODULES = YES;
				CLANG_ENABLE_OBJC_ARC = YES;
				CLANG_ENABLE_OBJC_WEAK = YES;
				CLANG_WARN_BLOCK_CAPTURE_AUTORELEASING = YES;
				CLANG_WARN_BOOL_CONVERSION = YES;
				CLANG_WARN_COMMA = YES;
				CLANG_WARN_CONSTANT_CONVERSION = YES;
				CLANG_WARN_DEPRECATED_OBJC_IMPLEMENTATIONS = YES;
				CLANG_WARN_DIRECT_OBJC_ISA_USAGE = YES_ERROR;
				CLANG_WARN_DOCUMENTATION_COMMENTS = YES;
				CLANG_WARN_EMPTY_BODY = YES;
				CLANG_WARN_ENUM_CONVERSION = YES;
				CLANG_WARN_INFINITE_RECURSION = YES;
				CLANG_WARN_INT_CONVERSION = YES;
				CLANG_WARN_NON_LITERAL_NULL_CONVERSION = YES;
				CLANG_WARN_OBJC_IMPLICIT_RETAIN_SELF = YES;
				CLANG_WARN_OBJC_LITERAL_CONVERSION = YES;
				CLANG_WARN_OBJC_ROOT_CLASS = YES_ERROR;
				CLANG_WARN_QUOTED_INCLUDE_IN_FRAMEWORK_HEADER = YES;
				CLANG_WARN_RANGE_LOOP_ANALYSIS = YES;
				CLANG_WARN_STRICT_PROTOTYPES = YES;
				CLANG_WARN_SUSPICIOUS_MOVE = YES;
				CLANG_WARN_UNGUARDED_AVAILABILITY = YES_AGGRESSIVE;
				CLANG_WARN_UNREACHABLE_CODE = YES;
				CLANG_WARN__DUPLICATE_METHOD_MATCH = YES;
				COPY_PHASE_STRIP = NO;
				DEBUG_INFORMATION_FORMAT = "dwarf-with-dsym";
				ENABLE_NS_ASSERTIONS = NO;
				ENABLE_STRICT_OBJC_MSGSEND = YES;
				GCC_C_LANGUAGE_STANDARD = gnu11;
				GCC_NO_COMMON_BLOCKS = YES;
				GCC_WARN_64_TO_32_BIT_CONVERSION = YES;
				GCC_WARN_ABOUT_RETURN_TYPE = YES_ERROR;
				GCC_WARN_UNDECLARED_SELECTOR = YES;
				GCC_WARN_UNINITIALIZED_AUTOS = YES_AGGRESSIVE;
				GCC_WARN_UNUSED_FUNCTION = YES;
				GCC_WARN_UNUSED_VARIABLE = YES;
				IPHONEOS_DEPLOYMENT_TARGET = 14.1;
				MTL_ENABLE_DEBUG_INFO = NO;
				MTL_FAST_MATH = YES;
				SDKROOT = iphoneos;
				SWIFT_COMPILATION_MODE = wholemodule;
				SWIFT_OPTIMIZATION_LEVEL = "-O";
				VALIDATE_PRODUCT = YES;
			};
			name = Release;
		};
		72164A9E255828F200D16117 /* Debug */ = {
			isa = XCBuildConfiguration;
			baseConfigurationReference = C344C715F6A1A2FC2E0A7DE0 /* Pods-ChatExample.debug.xcconfig */;
			buildSettings = {
				ASSETCATALOG_COMPILER_APPICON_NAME = AppIcon;
				ASSETCATALOG_COMPILER_GLOBAL_ACCENT_COLOR_NAME = AccentColor;
				CODE_SIGN_STYLE = Automatic;
				INFOPLIST_FILE = ChatExample/Info.plist;
				LD_RUNPATH_SEARCH_PATHS = (
					"$(inherited)",
					"@executable_path/Frameworks",
				);
				PRODUCT_BUNDLE_IDENTIFIER = com.zpz.ChatExample;
				PRODUCT_NAME = "$(TARGET_NAME)";
				SWIFT_VERSION = 5.0;
				TARGETED_DEVICE_FAMILY = 1;
			};
			name = Debug;
		};
		72164A9F255828F200D16117 /* Release */ = {
			isa = XCBuildConfiguration;
			baseConfigurationReference = 43F93882C54D1936708492CB /* Pods-ChatExample.release.xcconfig */;
			buildSettings = {
				ASSETCATALOG_COMPILER_APPICON_NAME = AppIcon;
				ASSETCATALOG_COMPILER_GLOBAL_ACCENT_COLOR_NAME = AccentColor;
				CODE_SIGN_STYLE = Automatic;
				INFOPLIST_FILE = ChatExample/Info.plist;
				LD_RUNPATH_SEARCH_PATHS = (
					"$(inherited)",
					"@executable_path/Frameworks",
				);
				PRODUCT_BUNDLE_IDENTIFIER = com.zpz.ChatExample;
				PRODUCT_NAME = "$(TARGET_NAME)";
				SWIFT_VERSION = 5.0;
				TARGETED_DEVICE_FAMILY = 1;
			};
			name = Release;
		};
/* End XCBuildConfiguration section */

/* Begin XCConfigurationList section */
		72164A84255828F100D16117 /* Build configuration list for PBXProject "ChatExample" */ = {
			isa = XCConfigurationList;
			buildConfigurations = (
				72164A9B255828F200D16117 /* Debug */,
				72164A9C255828F200D16117 /* Release */,
			);
			defaultConfigurationIsVisible = 0;
			defaultConfigurationName = Release;
		};
		72164A9D255828F200D16117 /* Build configuration list for PBXNativeTarget "ChatExample" */ = {
			isa = XCConfigurationList;
			buildConfigurations = (
				72164A9E255828F200D16117 /* Debug */,
				72164A9F255828F200D16117 /* Release */,
			);
			defaultConfigurationIsVisible = 0;
			defaultConfigurationName = Release;
		};
/* End XCConfigurationList section */
	};
	rootObject = 72164A81255828F100D16117 /* Project object */;
}
